
Microsoft Visual Studio Solution File, Format Version 12.00
# Visual Studio Version 16
VisualStudioVersion = 16.0.30011.22
MinimumVisualStudioVersion = 10.0.40219.1
Project("{FAE04EC0-301F-11D3-BF4B-00C04F79EFBC}") = "SelfHost", "SelfHost\SelfHost.csproj", "{B544B8DD-D743-4638-84BC-8342402205CD}"
EndProject
Global
	GlobalSection(SolutionConfigurationPlatforms) = preSolution
		Debug|Any CPU = Debug|Any CPU
		Release|Any CPU = Release|Any CPU
	EndGlobalSection
	GlobalSection(ProjectConfigurationPlatforms) = postSolution
		{B544B8DD-D743-4638-84BC-8342402205CD}.Debug|Any CPU.ActiveCfg = Debug|Any CPU
		{B544B8DD-D743-4638-84BC-8342402205CD}.Debug|Any CPU.Build.0 = Debug|Any CPU
		{B544B8DD-D743-4638-84BC-8342402205CD}.Release|Any CPU.ActiveCfg = Release|Any CPU
		{B544B8DD-D743-4638-84BC-8342402205CD}.Release|Any CPU.Build.0 = Release|Any CPU
	EndGlobalSection
	GlobalSection(SolutionProperties) = preSolution
		HideSolutionNode = FALSE
	EndGlobalSection
	GlobalSection(ExtensibilityGlobals) = postSolution
		SolutionGuid = {685EAA79-0093-4389-A7FC-1D2A9DE0837D}
	EndGlobalSection
EndGlobal
